{
    "requires": true,
    "lockfileVersion": 1,
    "dependencies": {
        "vue-axios": {
            "version": "3.2.4",
            "resolved": "https://registry.npmjs.org/vue-axios/-/vue-axios-3.2.4.tgz",
            "integrity": "sha512-8Dgws6dwt+1LoKEU4HDzIPfaRgWHl0xLDLW6kxrAk/z3GAJ2thkajcXC4qZgmqj0cZRx/Z/dzooKi5HWtUQwxA=="
        },
        "vue-router": {
            "version": "3.5.1",
            "resolved": "https://registry.npmjs.org/vue-router/-/vue-router-3.5.1.tgz",
            "integrity": "sha512-RRQNLT8Mzr8z7eL4p7BtKvRaTSGdCbTy2+Mm5HTJvLGYSSeG9gDzNasJPP/yOYKLy+/cLG/ftrqq5fvkFwBJEw=="
        }
    }
}
